<Solution>
  <Properties Name="Visual Studio">
    <Property Name="OpenWith" Value="17" />
  </Properties>
  <Folder Name="/Solution Items/">
    <File Path=".editorconfig" />
    <File Path="Directory.Build.props" />
  </Folder>
  <Project Path="src\AppRunner\AppRunner.csproj" />
</Solution>
